
Microsoft Visual Studio Solution File, Format Version 12.00
# Visual Studio 15
VisualStudioVersion = 15.0.27703.2042
MinimumVisualStudioVersion = 10.0.40219.1
Project("{FAE04EC0-301F-11D3-BF4B-00C04F79EFBC}") = "LuanVan", "LuanVan\LuanVan.csproj", "{1114A050-F6AA-4510-9C75-8650EF024F6C}"
EndProject
Global
	GlobalSection(SolutionConfigurationPlatforms) = preSolution
		Debug|Any CPU = Debug|Any CPU
		Release|Any CPU = Release|Any CPU
	EndGlobalSection
	GlobalSection(ProjectConfigurationPlatforms) = postSolution
		{1114A050-F6AA-4510-9C75-8650EF024F6C}.Debug|Any CPU.ActiveCfg = Debug|Any CPU
		{1114A050-F6AA-4510-9C75-8650EF024F6C}.Debug|Any CPU.Build.0 = Debug|Any CPU
		{1114A050-F6AA-4510-9C75-8650EF024F6C}.Release|Any CPU.ActiveCfg = Release|Any CPU
		{1114A050-F6AA-4510-9C75-8650EF024F6C}.Release|Any CPU.Build.0 = Release|Any CPU
	EndGlobalSection
	GlobalSection(SolutionProperties) = preSolution
		HideSolutionNode = FALSE
	EndGlobalSection
	GlobalSection(ExtensibilityGlobals) = postSolution
		SolutionGuid = {3FF0581B-D20F-44BC-B441-1E9AD2BE93CF}
	EndGlobalSection
EndGlobal
